
Microsoft Visual Studio Solution File, Format Version 12.00
# Visual Studio Version 17
VisualStudioVersion = 17.10.34916.146
MinimumVisualStudioVersion = 10.0.40219.1
Project("{9A19103F-16F7-4668-BE54-9A1E7A4F7556}") = "AutoColorScheme", "AutoColorScheme\AutoColorScheme.csproj", "{1FE72BF1-75F8-4EE7-BE42-8BF4F380DB95}"
EndProject
Project("{54435603-DBB4-11D2-8724-00A0C9A8B90C}") = "AutoColorSchemeSetup", "AutoColorSchemeSetup\AutoColorSchemeSetup.vdproj", "{8FD083A2-413F-4DA3-AFC3-ECDAF6506973}"
EndProject
Global
	GlobalSection(SolutionConfigurationPlatforms) = preSolution
		Debug|Any CPU = Debug|Any CPU
		Release|Any CPU = Release|Any CPU
	EndGlobalSection
	GlobalSection(ProjectConfigurationPlatforms) = postSolution
		{1FE72BF1-75F8-4EE7-BE42-8BF4F380DB95}.Debug|Any CPU.ActiveCfg = Debug|Any CPU
		{1FE72BF1-75F8-4EE7-BE42-8BF4F380DB95}.Debug|Any CPU.Build.0 = Debug|Any CPU
		{1FE72BF1-75F8-4EE7-BE42-8BF4F380DB95}.Release|Any CPU.ActiveCfg = Release|Any CPU
		{1FE72BF1-75F8-4EE7-BE42-8BF4F380DB95}.Release|Any CPU.Build.0 = Release|Any CPU
		{8FD083A2-413F-4DA3-AFC3-ECDAF6506973}.Debug|Any CPU.ActiveCfg = Debug
		{8FD083A2-413F-4DA3-AFC3-ECDAF6506973}.Release|Any CPU.ActiveCfg = Release
	EndGlobalSection
	GlobalSection(SolutionProperties) = preSolution
		HideSolutionNode = FALSE
	EndGlobalSection
	GlobalSection(ExtensibilityGlobals) = postSolution
		SolutionGuid = {03FF651E-37E7-4AA1-921B-940BB26FDACA}
	EndGlobalSection
EndGlobal
